
Microsoft Visual Studio Solution File, Format Version 12.00
# Visual Studio 14
VisualStudioVersion = 14.0.25420.1
MinimumVisualStudioVersion = 10.0.40219.1
Project("{FAE04EC0-301F-11D3-BF4B-00C04F79EFBC}") = "bzale.Model", "biz2biz.Model\bzale.Model.csproj", "{6C83BBA8-90D1-4F46-BD8B-A470EE090E8A}"
EndProject
Project("{FAE04EC0-301F-11D3-BF4B-00C04F79EFBC}") = "bzale.Repository", "biz2biz.Repository\bzale.Repository.csproj", "{0C2B1DEC-94A6-49BA-AA61-1E0AE22F7C93}"
EndProject
Project("{FAE04EC0-301F-11D3-BF4B-00C04F79EFBC}") = "Test", "Test\Test.csproj", "{6624CE6B-2233-4994-8149-78EB1B8C0AEC}"
EndProject
Project("{FAE04EC0-301F-11D3-BF4B-00C04F79EFBC}") = "bzale.Common", "biz2biz.Common\bzale.Common.csproj", "{1F7252EE-B0E3-4035-9C5F-F44CC6DAF276}"
EndProject
Project("{FAE04EC0-301F-11D3-BF4B-00C04F79EFBC}") = "bzale.ServiceInterface", "bzale.ServiceInterface\bzale.ServiceInterface.csproj", "{EF5B13AA-3E3B-42D5-8172-8692326C29A0}"
EndProject
Project("{2150E333-8FDC-42A3-9474-1A3956D46DE8}") = "WCF", "WCF", "{A5DAF362-17B9-40AF-BD4F-83EF7F6E68DC}"
EndProject
Project("{FAE04EC0-301F-11D3-BF4B-00C04F79EFBC}") = "biz2biz.Web", "biz2biz.Web\biz2biz.Web.csproj", "{53923B6D-766D-4895-917A-88203185FDE5}"
EndProject
Project("{FAE04EC0-301F-11D3-BF4B-00C04F79EFBC}") = "bzale.ServiceImplementation", "bzale.ServiceImplementation\bzale.ServiceImplementation.csproj", "{E8F0E264-CF11-460E-AADC-16E4574B800E}"
EndProject
Project("{FAE04EC0-301F-11D3-BF4B-00C04F79EFBC}") = "bzale.ServiceHost", "bzale.ServiceHost\bzale.ServiceHost.csproj", "{C58193BB-CBBC-42AE-845D-A11CC852A6CD}"
EndProject
Global
	GlobalSection(SolutionConfigurationPlatforms) = preSolution
		Debug|Any CPU = Debug|Any CPU
		Release|Any CPU = Release|Any CPU
	EndGlobalSection
	GlobalSection(ProjectConfigurationPlatforms) = postSolution
		{6C83BBA8-90D1-4F46-BD8B-A470EE090E8A}.Debug|Any CPU.ActiveCfg = Debug|Any CPU
		{6C83BBA8-90D1-4F46-BD8B-A470EE090E8A}.Debug|Any CPU.Build.0 = Debug|Any CPU
		{6C83BBA8-90D1-4F46-BD8B-A470EE090E8A}.Release|Any CPU.ActiveCfg = Release|Any CPU
		{6C83BBA8-90D1-4F46-BD8B-A470EE090E8A}.Release|Any CPU.Build.0 = Release|Any CPU
		{0C2B1DEC-94A6-49BA-AA61-1E0AE22F7C93}.Debug|Any CPU.ActiveCfg = Debug|Any CPU
		{0C2B1DEC-94A6-49BA-AA61-1E0AE22F7C93}.Debug|Any CPU.Build.0 = Debug|Any CPU
		{0C2B1DEC-94A6-49BA-AA61-1E0AE22F7C93}.Release|Any CPU.ActiveCfg = Release|Any CPU
		{0C2B1DEC-94A6-49BA-AA61-1E0AE22F7C93}.Release|Any CPU.Build.0 = Release|Any CPU
		{6624CE6B-2233-4994-8149-78EB1B8C0AEC}.Debug|Any CPU.ActiveCfg = Debug|Any CPU
		{6624CE6B-2233-4994-8149-78EB1B8C0AEC}.Debug|Any CPU.Build.0 = Debug|Any CPU
		{6624CE6B-2233-4994-8149-78EB1B8C0AEC}.Release|Any CPU.ActiveCfg = Release|Any CPU
		{6624CE6B-2233-4994-8149-78EB1B8C0AEC}.Release|Any CPU.Build.0 = Release|Any CPU
		{1F7252EE-B0E3-4035-9C5F-F44CC6DAF276}.Debug|Any CPU.ActiveCfg = Debug|Any CPU
		{1F7252EE-B0E3-4035-9C5F-F44CC6DAF276}.Debug|Any CPU.Build.0 = Debug|Any CPU
		{1F7252EE-B0E3-4035-9C5F-F44CC6DAF276}.Release|Any CPU.ActiveCfg = Release|Any CPU
		{1F7252EE-B0E3-4035-9C5F-F44CC6DAF276}.Release|Any CPU.Build.0 = Release|Any CPU
		{EF5B13AA-3E3B-42D5-8172-8692326C29A0}.Debug|Any CPU.ActiveCfg = Debug|Any CPU
		{EF5B13AA-3E3B-42D5-8172-8692326C29A0}.Debug|Any CPU.Build.0 = Debug|Any CPU
		{EF5B13AA-3E3B-42D5-8172-8692326C29A0}.Release|Any CPU.ActiveCfg = Release|Any CPU
		{EF5B13AA-3E3B-42D5-8172-8692326C29A0}.Release|Any CPU.Build.0 = Release|Any CPU
		{53923B6D-766D-4895-917A-88203185FDE5}.Debug|Any CPU.ActiveCfg = Debug|Any CPU
		{53923B6D-766D-4895-917A-88203185FDE5}.Debug|Any CPU.Build.0 = Debug|Any CPU
		{53923B6D-766D-4895-917A-88203185FDE5}.Release|Any CPU.ActiveCfg = Release|Any CPU
		{53923B6D-766D-4895-917A-88203185FDE5}.Release|Any CPU.Build.0 = Release|Any CPU
		{E8F0E264-CF11-460E-AADC-16E4574B800E}.Debug|Any CPU.ActiveCfg = Debug|Any CPU
		{E8F0E264-CF11-460E-AADC-16E4574B800E}.Debug|Any CPU.Build.0 = Debug|Any CPU
		{E8F0E264-CF11-460E-AADC-16E4574B800E}.Release|Any CPU.ActiveCfg = Release|Any CPU
		{E8F0E264-CF11-460E-AADC-16E4574B800E}.Release|Any CPU.Build.0 = Release|Any CPU
		{C58193BB-CBBC-42AE-845D-A11CC852A6CD}.Debug|Any CPU.ActiveCfg = Debug|Any CPU
		{C58193BB-CBBC-42AE-845D-A11CC852A6CD}.Debug|Any CPU.Build.0 = Debug|Any CPU
		{C58193BB-CBBC-42AE-845D-A11CC852A6CD}.Release|Any CPU.ActiveCfg = Release|Any CPU
		{C58193BB-CBBC-42AE-845D-A11CC852A6CD}.Release|Any CPU.Build.0 = Release|Any CPU
	EndGlobalSection
	GlobalSection(SolutionProperties) = preSolution
		HideSolutionNode = FALSE
	EndGlobalSection
	GlobalSection(NestedProjects) = preSolution
		{6C83BBA8-90D1-4F46-BD8B-A470EE090E8A} = {A5DAF362-17B9-40AF-BD4F-83EF7F6E68DC}
		{0C2B1DEC-94A6-49BA-AA61-1E0AE22F7C93} = {A5DAF362-17B9-40AF-BD4F-83EF7F6E68DC}
		{EF5B13AA-3E3B-42D5-8172-8692326C29A0} = {A5DAF362-17B9-40AF-BD4F-83EF7F6E68DC}
		{E8F0E264-CF11-460E-AADC-16E4574B800E} = {A5DAF362-17B9-40AF-BD4F-83EF7F6E68DC}
		{C58193BB-CBBC-42AE-845D-A11CC852A6CD} = {A5DAF362-17B9-40AF-BD4F-83EF7F6E68DC}
	EndGlobalSection
EndGlobal
